// !$*UTF8*$!
{
	archiveVersion = 1;
	classes = {
	};
	objectVersion = 56;
	objects = {

/* Begin PBXBuildFile section */
		BA07DD732A5D6F4C00CBDBD0 /* testWatchOs Watch App.app in Embed Watch Content */ = {isa = PBXBuildFile; fileRef = BA07DD722A5D6F4C00CBDBD0 /* testWatchOs Watch App.app */; settings = {ATTRIBUTES = (RemoveHeadersOnCopy, ); }; };
		BA07DD8F2A5D88E700CBDBD0 /* watch-tictactoe Watch App.app in Embed Watch Content */ = {isa = PBXBuildFile; fileRef = BA07DD8E2A5D88E700CBDBD0 /* watch-tictactoe Watch App.app */; settings = {ATTRIBUTES = (RemoveHeadersOnCopy, ); }; };
		BA07DD942A5D88E800CBDBD0 /* watch_tictactoeApp.swift in Sources */ = {isa = PBXBuildFile; fileRef = BA07DD932A5D88E800CBDBD0 /* watch_tictactoeApp.swift */; };
		BA07DD962A5D88E800CBDBD0 /* ContentView.swift in Sources */ = {isa = PBXBuildFile; fileRef = BA07DD952A5D88E800CBDBD0 /* ContentView.swift */; };
		BA07DD982A5D88E900CBDBD0 /* Assets.xcassets in Resources */ = {isa = PBXBuildFile; fileRef = BA07DD972A5D88E900CBDBD0 /* Assets.xcassets */; };
		BA07DD9B2A5D88E900CBDBD0 /* Preview Assets.xcassets in Resources */ = {isa = PBXBuildFile; fileRef = BA07DD9A2A5D88E900CBDBD0 /* Preview Assets.xcassets */; };
		BA07DDA42A5D8AC600CBDBD0 /* GameViewModel.swift in Sources */ = {isa = PBXBuildFile; fileRef = BA07DDA32A5D8AC600CBDBD0 /* GameViewModel.swift */; };
		BA07DDA62A5D8B4B00CBDBD0 /* Alerts.swift in Sources */ = {isa = PBXBuildFile; fileRef = BA07DDA52A5D8B4B00CBDBD0 /* Alerts.swift */; };
		BA323CDA2A68EF7400026F86 /* MapView.swift in Sources */ = {isa = PBXBuildFile; fileRef = BA323CD92A68EF7400026F86 /* MapView.swift */; };
		BA323CDD2A691C6D00026F86 /* SegmentView.swift in Sources */ = {isa = PBXBuildFile; fileRef = BA323CDC2A691C6D00026F86 /* SegmentView.swift */; };
		BA51651B2A5E9FCF004A4BFA /* FormUI.swift in Sources */ = {isa = PBXBuildFile; fileRef = BA51651A2A5E9FCF004A4BFA /* FormUI.swift */; };
		BA5C0A452A5B056500DB27F7 /* Alerts.swift in Sources */ = {isa = PBXBuildFile; fileRef = BA5C0A442A5B056500DB27F7 /* Alerts.swift */; };
		BA5C0A472A5B139500DB27F7 /* GameViewModel.swift in Sources */ = {isa = PBXBuildFile; fileRef = BA5C0A462A5B139500DB27F7 /* GameViewModel.swift */; };
		BA7B3B912A56956F0066CA91 /* Gaming.swift in Sources */ = {isa = PBXBuildFile; fileRef = BA7B3B902A56956F0066CA91 /* Gaming.swift */; };
		BA7B3B932A56EEE50066CA91 /* TicTacView.swift in Sources */ = {isa = PBXBuildFile; fileRef = BA7B3B922A56EEE50066CA91 /* TicTacView.swift */; };
		BA92D2882A6E4E5700994606 /* OnBoardView.swift in Sources */ = {isa = PBXBuildFile; fileRef = BA92D2872A6E4E5700994606 /* OnBoardView.swift */; };
		BA92D28A2A6E629900994606 /* SearchBarView.swift in Sources */ = {isa = PBXBuildFile; fileRef = BA92D2892A6E629900994606 /* SearchBarView.swift */; };
		BAA4EE562A7D0CF200C01D8C /* AngelaPracticeUI.swift in Sources */ = {isa = PBXBuildFile; fileRef = BAA4EE552A7D0CF200C01D8C /* AngelaPracticeUI.swift */; };
		BAA4EE592A7D0D7500C01D8C /* Pacifico.ttf in Resources */ = {isa = PBXBuildFile; fileRef = BAA4EE582A7D0D7500C01D8C /* Pacifico.ttf */; };
		BAA4EE5B2A7D114800C01D8C /* Pacifico-Regular.ttf in Resources */ = {isa = PBXBuildFile; fileRef = BAA4EE5A2A7D114800C01D8C /* Pacifico-Regular.ttf */; };
		BAC8893E2A693E92009C92F0 /* NavigationExampleView.swift in Sources */ = {isa = PBXBuildFile; fileRef = BAC8893D2A693E92009C92F0 /* NavigationExampleView.swift */; };
		BAC889402A695751009C92F0 /* ImagePickerView.swift in Sources */ = {isa = PBXBuildFile; fileRef = BAC8893F2A695751009C92F0 /* ImagePickerView.swift */; };
		BAC889422A695F33009C92F0 /* MapBalloon.swift in Sources */ = {isa = PBXBuildFile; fileRef = BAC889412A695F33009C92F0 /* MapBalloon.swift */; };
		BACFB8F22A5537F800F75644 /* swiftUI_weatherApp.swift in Sources */ = {isa = PBXBuildFile; fileRef = BACFB8F12A5537F800F75644 /* swiftUI_weatherApp.swift */; };
		BACFB8F42A5537F800F75644 /* ContentView.swift in Sources */ = {isa = PBXBuildFile; fileRef = BACFB8F32A5537F800F75644 /* ContentView.swift */; };
		BACFB8F62A5537FA00F75644 /* Assets.xcassets in Resources */ = {isa = PBXBuildFile; fileRef = BACFB8F52A5537FA00F75644 /* Assets.xcassets */; };
		BACFB8F92A5537FA00F75644 /* Preview Assets.xcassets in Resources */ = {isa = PBXBuildFile; fileRef = BACFB8F82A5537FA00F75644 /* Preview Assets.xcassets */; };
		BACFB9002A555E2100F75644 /* WeatherButton.swift in Sources */ = {isa = PBXBuildFile; fileRef = BACFB8FF2A555E2100F75644 /* WeatherButton.swift */; };
		BACFB9022A557EAA00F75644 /* VideoListView.swift in Sources */ = {isa = PBXBuildFile; fileRef = BACFB9012A557EAA00F75644 /* VideoListView.swift */; };
		BACFB9042A558E2600F75644 /* Video.swift in Sources */ = {isa = PBXBuildFile; fileRef = BACFB9032A558E2600F75644 /* Video.swift */; };
		BACFB9082A5594BD00F75644 /* VideoDetailsView.swift in Sources */ = {isa = PBXBuildFile; fileRef = BACFB9072A5594BD00F75644 /* VideoDetailsView.swift */; };
/* End PBXBuildFile section */

/* Begin PBXContainerItemProxy section */
		BA07DD742A5D6F4C00CBDBD0 /* PBXContainerItemProxy */ = {
			isa = PBXContainerItemProxy;
			containerPortal = BACFB8E62A5537F800F75644 /* Project object */;
			proxyType = 1;
			remoteGlobalIDString = BA07DD712A5D6F4C00CBDBD0;
			remoteInfo = "testWatchOs Watch App";
		};
		BA07DD902A5D88E800CBDBD0 /* PBXContainerItemProxy */ = {
			isa = PBXContainerItemProxy;
			containerPortal = BACFB8E62A5537F800F75644 /* Project object */;
			proxyType = 1;
			remoteGlobalIDString = BA07DD8D2A5D88E700CBDBD0;
			remoteInfo = "watch-tictactoe Watch App";
		};
/* End PBXContainerItemProxy section */

/* Begin PBXCopyFilesBuildPhase section */
		BA07DD822A5D6F4E00CBDBD0 /* Embed Watch Content */ = {
			isa = PBXCopyFilesBuildPhase;
			buildActionMask = 2147483647;
			dstPath = "$(CONTENTS_FOLDER_PATH)/Watch";
			dstSubfolderSpec = 16;
			files = (
				BA07DD732A5D6F4C00CBDBD0 /* testWatchOs Watch App.app in Embed Watch Content */,
			);
			name = "Embed Watch Content";
			runOnlyForDeploymentPostprocessing = 0;
		};
		BA07DD9E2A5D88E900CBDBD0 /* Embed Watch Content */ = {
			isa = PBXCopyFilesBuildPhase;
			buildActionMask = 2147483647;
			dstPath = "$(CONTENTS_FOLDER_PATH)/Watch";
			dstSubfolderSpec = 16;
			files = (
				BA07DD8F2A5D88E700CBDBD0 /* watch-tictactoe Watch App.app in Embed Watch Content */,
			);
			name = "Embed Watch Content";
			runOnlyForDeploymentPostprocessing = 0;
		};
/* End PBXCopyFilesBuildPhase section */

/* Begin PBXFileReference section */
		BA07DD6D2A5D6F4C00CBDBD0 /* testWatchOs.app */ = {isa = PBXFileReference; explicitFileType = wrapper.application; includeInIndex = 0; path = testWatchOs.app; sourceTree = BUILT_PRODUCTS_DIR; };
		BA07DD722A5D6F4C00CBDBD0 /* testWatchOs Watch App.app */ = {isa = PBXFileReference; explicitFileType = wrapper.application; includeInIndex = 0; path = "testWatchOs Watch App.app"; sourceTree = BUILT_PRODUCTS_DIR; };
		BA07DD892A5D88E700CBDBD0 /* watch-tictactoe.app */ = {isa = PBXFileReference; explicitFileType = wrapper.application; includeInIndex = 0; path = "watch-tictactoe.app"; sourceTree = BUILT_PRODUCTS_DIR; };
		BA07DD8E2A5D88E700CBDBD0 /* watch-tictactoe Watch App.app */ = {isa = PBXFileReference; explicitFileType = wrapper.application; includeInIndex = 0; path = "watch-tictactoe Watch App.app"; sourceTree = BUILT_PRODUCTS_DIR; };
		BA07DD932A5D88E800CBDBD0 /* watch_tictactoeApp.swift */ = {isa = PBXFileReference; lastKnownFileType = sourcecode.swift; path = watch_tictactoeApp.swift; sourceTree = "<group>"; };
		BA07DD952A5D88E800CBDBD0 /* ContentView.swift */ = {isa = PBXFileReference; lastKnownFileType = sourcecode.swift; path = ContentView.swift; sourceTree = "<group>"; };
		BA07DD972A5D88E900CBDBD0 /* Assets.xcassets */ = {isa = PBXFileReference; lastKnownFileType = folder.assetcatalog; path = Assets.xcassets; sourceTree = "<group>"; };
		BA07DD9A2A5D88E900CBDBD0 /* Preview Assets.xcassets */ = {isa = PBXFileReference; lastKnownFileType = folder.assetcatalog; path = "Preview Assets.xcassets"; sourceTree = "<group>"; };
		BA07DDA32A5D8AC600CBDBD0 /* GameViewModel.swift */ = {isa = PBXFileReference; lastKnownFileType = sourcecode.swift; path = GameViewModel.swift; sourceTree = "<group>"; };
		BA07DDA52A5D8B4B00CBDBD0 /* Alerts.swift */ = {isa = PBXFileReference; lastKnownFileType = sourcecode.swift; path = Alerts.swift; sourceTree = "<group>"; };
		BA323CD92A68EF7400026F86 /* MapView.swift */ = {isa = PBXFileReference; lastKnownFileType = sourcecode.swift; path = MapView.swift; sourceTree = "<group>"; };
		BA323CDB2A6909E200026F86 /* Info.plist */ = {isa = PBXFileReference; lastKnownFileType = text.plist; path = Info.plist; sourceTree = "<group>"; };
		BA323CDC2A691C6D00026F86 /* SegmentView.swift */ = {isa = PBXFileReference; lastKnownFileType = sourcecode.swift; path = SegmentView.swift; sourceTree = "<group>"; };
		BA51651A2A5E9FCF004A4BFA /* FormUI.swift */ = {isa = PBXFileReference; lastKnownFileType = sourcecode.swift; path = FormUI.swift; sourceTree = "<group>"; };
		BA5C0A442A5B056500DB27F7 /* Alerts.swift */ = {isa = PBXFileReference; lastKnownFileType = sourcecode.swift; path = Alerts.swift; sourceTree = "<group>"; };
		BA5C0A462A5B139500DB27F7 /* GameViewModel.swift */ = {isa = PBXFileReference; lastKnownFileType = sourcecode.swift; path = GameViewModel.swift; sourceTree = "<group>"; };
		BA7B3B902A56956F0066CA91 /* Gaming.swift */ = {isa = PBXFileReference; lastKnownFileType = sourcecode.swift; path = Gaming.swift; sourceTree = "<group>"; };
		BA7B3B922A56EEE50066CA91 /* TicTacView.swift */ = {isa = PBXFileReference; lastKnownFileType = sourcecode.swift; path = TicTacView.swift; sourceTree = "<group>"; };
		BA92D2872A6E4E5700994606 /* OnBoardView.swift */ = {isa = PBXFileReference; lastKnownFileType = sourcecode.swift; path = OnBoardView.swift; sourceTree = "<group>"; };
		BA92D2892A6E629900994606 /* SearchBarView.swift */ = {isa = PBXFileReference; lastKnownFileType = sourcecode.swift; path = SearchBarView.swift; sourceTree = "<group>"; };
		BAA4EE552A7D0CF200C01D8C /* AngelaPracticeUI.swift */ = {isa = PBXFileReference; lastKnownFileType = sourcecode.swift; path = AngelaPracticeUI.swift; sourceTree = "<group>"; };
		BAA4EE582A7D0D7500C01D8C /* Pacifico.ttf */ = {isa = PBXFileReference; lastKnownFileType = file; path = Pacifico.ttf; sourceTree = "<group>"; };
		BAA4EE5A2A7D114800C01D8C /* Pacifico-Regular.ttf */ = {isa = PBXFileReference; lastKnownFileType = file; path = "Pacifico-Regular.ttf"; sourceTree = "<group>"; };
		BAC8893D2A693E92009C92F0 /* NavigationExampleView.swift */ = {isa = PBXFileReference; lastKnownFileType = sourcecode.swift; path = NavigationExampleView.swift; sourceTree = "<group>"; };
		BAC8893F2A695751009C92F0 /* ImagePickerView.swift */ = {isa = PBXFileReference; lastKnownFileType = sourcecode.swift; path = ImagePickerView.swift; sourceTree = "<group>"; };
		BAC889412A695F33009C92F0 /* MapBalloon.swift */ = {isa = PBXFileReference; lastKnownFileType = sourcecode.swift; path = MapBalloon.swift; sourceTree = "<group>"; };
		BACFB8EE2A5537F800F75644 /* swiftUI-weather.app */ = {isa = PBXFileReference; explicitFileType = wrapper.application; includeInIndex = 0; path = "swiftUI-weather.app"; sourceTree = BUILT_PRODUCTS_DIR; };
		BACFB8F12A5537F800F75644 /* swiftUI_weatherApp.swift */ = {isa = PBXFileReference; lastKnownFileType = sourcecode.swift; path = swiftUI_weatherApp.swift; sourceTree = "<group>"; };
		BACFB8F32A5537F800F75644 /* ContentView.swift */ = {isa = PBXFileReference; lastKnownFileType = sourcecode.swift; path = ContentView.swift; sourceTree = "<group>"; };
		BACFB8F52A5537FA00F75644 /* Assets.xcassets */ = {isa = PBXFileReference; lastKnownFileType = folder.assetcatalog; path = Assets.xcassets; sourceTree = "<group>"; };
		BACFB8F82A5537FA00F75644 /* Preview Assets.xcassets */ = {isa = PBXFileReference; lastKnownFileType = folder.assetcatalog; path = "Preview Assets.xcassets"; sourceTree = "<group>"; };
		BACFB8FF2A555E2100F75644 /* WeatherButton.swift */ = {isa = PBXFileReference; lastKnownFileType = sourcecode.swift; path = WeatherButton.swift; sourceTree = "<group>"; };
		BACFB9012A557EAA00F75644 /* VideoListView.swift */ = {isa = PBXFileReference; lastKnownFileType = sourcecode.swift; path = VideoListView.swift; sourceTree = "<group>"; };
		BACFB9032A558E2600F75644 /* Video.swift */ = {isa = PBXFileReference; lastKnownFileType = sourcecode.swift; path = Video.swift; sourceTree = "<group>"; };
		BACFB9072A5594BD00F75644 /* VideoDetailsView.swift */ = {isa = PBXFileReference; lastKnownFileType = sourcecode.swift; path = VideoDetailsView.swift; sourceTree = "<group>"; };
/* End PBXFileReference section */

/* Begin PBXFrameworksBuildPhase section */
		BA07DD6F2A5D6F4C00CBDBD0 /* Frameworks */ = {
			isa = PBXFrameworksBuildPhase;
			buildActionMask = 2147483647;
			files = (
			);
			runOnlyForDeploymentPostprocessing = 0;
		};
		BA07DD8B2A5D88E700CBDBD0 /* Frameworks */ = {
			isa = PBXFrameworksBuildPhase;
			buildActionMask = 2147483647;
			files = (
			);
			runOnlyForDeploymentPostprocessing = 0;
		};
		BACFB8EB2A5537F800F75644 /* Frameworks */ = {
			isa = PBXFrameworksBuildPhase;
			buildActionMask = 2147483647;
			files = (
			);
			runOnlyForDeploymentPostprocessing = 0;
		};
/* End PBXFrameworksBuildPhase section */

/* Begin PBXGroup section */
		BA07DD922A5D88E800CBDBD0 /* watch-tictactoe Watch App */ = {
			isa = PBXGroup;
			children = (
				BA07DDA32A5D8AC600CBDBD0 /* GameViewModel.swift */,
				BA07DD932A5D88E800CBDBD0 /* watch_tictactoeApp.swift */,
				BA07DD952A5D88E800CBDBD0 /* ContentView.swift */,
				BA07DD972A5D88E900CBDBD0 /* Assets.xcassets */,
				BA07DD992A5D88E900CBDBD0 /* Preview Content */,
				BA07DDA52A5D8B4B00CBDBD0 /* Alerts.swift */,
			);
			path = "watch-tictactoe Watch App";
			sourceTree = "<group>";
		};
		BA07DD992A5D88E900CBDBD0 /* Preview Content */ = {
			isa = PBXGroup;
			children = (
				BA07DD9A2A5D88E900CBDBD0 /* Preview Assets.xcassets */,
			);
			path = "Preview Content";
			sourceTree = "<group>";
		};
		BAA4EE572A7D0D5900C01D8C /* fonts */ = {
			isa = PBXGroup;
			children = (
				BAA4EE5A2A7D114800C01D8C /* Pacifico-Regular.ttf */,
				BAA4EE582A7D0D7500C01D8C /* Pacifico.ttf */,
			);
			path = fonts;
			sourceTree = "<group>";
		};
		BACFB8E52A5537F800F75644 = {
			isa = PBXGroup;
			children = (
				BAA4EE552A7D0CF200C01D8C /* AngelaPracticeUI.swift */,
				BAC889412A695F33009C92F0 /* MapBalloon.swift */,
				BA92D2872A6E4E5700994606 /* OnBoardView.swift */,
				BACFB8F02A5537F800F75644 /* swiftUI-weather */,
				BA07DD922A5D88E800CBDBD0 /* watch-tictactoe Watch App */,
				BACFB8EF2A5537F800F75644 /* Products */,
			);
			sourceTree = "<group>";
		};
		BACFB8EF2A5537F800F75644 /* Products */ = {
			isa = PBXGroup;
			children = (
				BACFB8EE2A5537F800F75644 /* swiftUI-weather.app */,
				BA07DD6D2A5D6F4C00CBDBD0 /* testWatchOs.app */,
				BA07DD722A5D6F4C00CBDBD0 /* testWatchOs Watch App.app */,
				BA07DD892A5D88E700CBDBD0 /* watch-tictactoe.app */,
				BA07DD8E2A5D88E700CBDBD0 /* watch-tictactoe Watch App.app */,
			);
			name = Products;
			sourceTree = "<group>";
		};
		BACFB8F02A5537F800F75644 /* swiftUI-weather */ = {
			isa = PBXGroup;
			children = (
				BAA4EE572A7D0D5900C01D8C /* fonts */,
				BA323CDB2A6909E200026F86 /* Info.plist */,
				BACFB8F12A5537F800F75644 /* swiftUI_weatherApp.swift */,
				BA51651A2A5E9FCF004A4BFA /* FormUI.swift */,
				BA323CD92A68EF7400026F86 /* MapView.swift */,
				BA323CDC2A691C6D00026F86 /* SegmentView.swift */,
				BACFB9012A557EAA00F75644 /* VideoListView.swift */,
				BA7B3B902A56956F0066CA91 /* Gaming.swift */,
				BAC8893D2A693E92009C92F0 /* NavigationExampleView.swift */,
				BAC8893F2A695751009C92F0 /* ImagePickerView.swift */,
				BA7B3B922A56EEE50066CA91 /* TicTacView.swift */,
				BA92D2892A6E629900994606 /* SearchBarView.swift */,
				BA5C0A462A5B139500DB27F7 /* GameViewModel.swift */,
				BA5C0A442A5B056500DB27F7 /* Alerts.swift */,
				BACFB9032A558E2600F75644 /* Video.swift */,
				BACFB8F32A5537F800F75644 /* ContentView.swift */,
				BACFB8FF2A555E2100F75644 /* WeatherButton.swift */,
				BACFB8F52A5537FA00F75644 /* Assets.xcassets */,
				BACFB8F72A5537FA00F75644 /* Preview Content */,
				BACFB9072A5594BD00F75644 /* VideoDetailsView.swift */,
			);
			path = "swiftUI-weather";
			sourceTree = "<group>";
		};
		BACFB8F72A5537FA00F75644 /* Preview Content */ = {
			isa = PBXGroup;
			children = (
				BACFB8F82A5537FA00F75644 /* Preview Assets.xcassets */,
			);
			path = "Preview Content";
			sourceTree = "<group>";
		};
/* End PBXGroup section */

/* Begin PBXNativeTarget section */
		BA07DD6C2A5D6F4C00CBDBD0 /* testWatchOs */ = {
			isa = PBXNativeTarget;
			buildConfigurationList = BA07DD862A5D6F4E00CBDBD0 /* Build configuration list for PBXNativeTarget "testWatchOs" */;
			buildPhases = (
				BA07DD6B2A5D6F4C00CBDBD0 /* Resources */,
				BA07DD822A5D6F4E00CBDBD0 /* Embed Watch Content */,
			);
			buildRules = (
			);
			dependencies = (
				BA07DD752A5D6F4C00CBDBD0 /* PBXTargetDependency */,
			);
			name = testWatchOs;
			productName = testWatchOs;
			productReference = BA07DD6D2A5D6F4C00CBDBD0 /* testWatchOs.app */;
			productType = "com.apple.product-type.application.watchapp2-container";
		};
		BA07DD712A5D6F4C00CBDBD0 /* testWatchOs Watch App */ = {
			isa = PBXNativeTarget;
			buildConfigurationList = BA07DD852A5D6F4E00CBDBD0 /* Build configuration list for PBXNativeTarget "testWatchOs Watch App" */;
			buildPhases = (
				BA07DD6E2A5D6F4C00CBDBD0 /* Sources */,
				BA07DD6F2A5D6F4C00CBDBD0 /* Frameworks */,
				BA07DD702A5D6F4C00CBDBD0 /* Resources */,
			);
			buildRules = (
			);
			dependencies = (
			);
			name = "testWatchOs Watch App";
			productName = "testWatchOs Watch App";
			productReference = BA07DD722A5D6F4C00CBDBD0 /* testWatchOs Watch App.app */;
			productType = "com.apple.product-type.application";
		};
		BA07DD882A5D88E700CBDBD0 /* watch-tictactoe */ = {
			isa = PBXNativeTarget;
			buildConfigurationList = BA07DDA22A5D88E900CBDBD0 /* Build configuration list for PBXNativeTarget "watch-tictactoe" */;
			buildPhases = (
				BA07DD872A5D88E700CBDBD0 /* Resources */,
				BA07DD9E2A5D88E900CBDBD0 /* Embed Watch Content */,
			);
			buildRules = (
			);
			dependencies = (
				BA07DD912A5D88E800CBDBD0 /* PBXTargetDependency */,
			);
			name = "watch-tictactoe";
			productName = "watch-tictactoe";
			productReference = BA07DD892A5D88E700CBDBD0 /* watch-tictactoe.app */;
			productType = "com.apple.product-type.application.watchapp2-container";
		};
		BA07DD8D2A5D88E700CBDBD0 /* watch-tictactoe Watch App */ = {
			isa = PBXNativeTarget;
			buildConfigurationList = BA07DDA12A5D88E900CBDBD0 /* Build configuration list for PBXNativeTarget "watch-tictactoe Watch App" */;
			buildPhases = (
				BA07DD8A2A5D88E700CBDBD0 /* Sources */,
				BA07DD8B2A5D88E700CBDBD0 /* Frameworks */,
				BA07DD8C2A5D88E700CBDBD0 /* Resources */,
			);
			buildRules = (
			);
			dependencies = (
			);
			name = "watch-tictactoe Watch App";
			productName = "watch-tictactoe Watch App";
			productReference = BA07DD8E2A5D88E700CBDBD0 /* watch-tictactoe Watch App.app */;
			productType = "com.apple.product-type.application";
		};
		BACFB8ED2A5537F800F75644 /* swiftUI-weather */ = {
			isa = PBXNativeTarget;
			buildConfigurationList = BACFB8FC2A5537FA00F75644 /* Build configuration list for PBXNativeTarget "swiftUI-weather" */;
			buildPhases = (
				BACFB8EA2A5537F800F75644 /* Sources */,
				BACFB8EB2A5537F800F75644 /* Frameworks */,
				BACFB8EC2A5537F800F75644 /* Resources */,
			);
			buildRules = (
			);
			dependencies = (
			);
			name = "swiftUI-weather";
			productName = "swiftUI-weather";
			productReference = BACFB8EE2A5537F800F75644 /* swiftUI-weather.app */;
			productType = "com.apple.product-type.application";
		};
/* End PBXNativeTarget section */

/* Begin PBXProject section */
		BACFB8E62A5537F800F75644 /* Project object */ = {
			isa = PBXProject;
			attributes = {
				BuildIndependentTargetsInParallel = 1;
				LastSwiftUpdateCheck = 1430;
				LastUpgradeCheck = 1430;
				TargetAttributes = {
					BA07DD6C2A5D6F4C00CBDBD0 = {
						CreatedOnToolsVersion = 14.3;
					};
					BA07DD712A5D6F4C00CBDBD0 = {
						CreatedOnToolsVersion = 14.3;
					};
					BA07DD882A5D88E700CBDBD0 = {
						CreatedOnToolsVersion = 14.3;
					};
					BA07DD8D2A5D88E700CBDBD0 = {
						CreatedOnToolsVersion = 14.3;
					};
					BACFB8ED2A5537F800F75644 = {
						CreatedOnToolsVersion = 14.3;
					};
				};
			};
			buildConfigurationList = BACFB8E92A5537F800F75644 /* Build configuration list for PBXProject "swiftUI-weather" */;
			compatibilityVersion = "Xcode 14.0";
			developmentRegion = en;
			hasScannedForEncodings = 0;
			knownRegions = (
				en,
				Base,
			);
			mainGroup = BACFB8E52A5537F800F75644;
			productRefGroup = BACFB8EF2A5537F800F75644 /* Products */;
			projectDirPath = "";
			projectRoot = "";
			targets = (
				BACFB8ED2A5537F800F75644 /* swiftUI-weather */,
				BA07DD6C2A5D6F4C00CBDBD0 /* testWatchOs */,
				BA07DD712A5D6F4C00CBDBD0 /* testWatchOs Watch App */,
				BA07DD882A5D88E700CBDBD0 /* watch-tictactoe */,
				BA07DD8D2A5D88E700CBDBD0 /* watch-tictactoe Watch App */,
			);
		};
/* End PBXProject section */

/* Begin PBXResourcesBuildPhase section */
		BA07DD6B2A5D6F4C00CBDBD0 /* Resources */ = {
			isa = PBXResourcesBuildPhase;
			buildActionMask = 2147483647;
			files = (
			);
			runOnlyForDeploymentPostprocessing = 0;
		};
		BA07DD702A5D6F4C00CBDBD0 /* Resources */ = {
			isa = PBXResourcesBuildPhase;
			buildActionMask = 2147483647;
			files = (
			);
			runOnlyForDeploymentPostprocessing = 0;
		};
		BA07DD872A5D88E700CBDBD0 /* Resources */ = {
			isa = PBXResourcesBuildPhase;
			buildActionMask = 2147483647;
			files = (
			);
			runOnlyForDeploymentPostprocessing = 0;
		};
		BA07DD8C2A5D88E700CBDBD0 /* Resources */ = {
			isa = PBXResourcesBuildPhase;
			buildActionMask = 2147483647;
			files = (
				BA07DD9B2A5D88E900CBDBD0 /* Preview Assets.xcassets in Resources */,
				BA07DD982A5D88E900CBDBD0 /* Assets.xcassets in Resources */,
			);
			runOnlyForDeploymentPostprocessing = 0;
		};
		BACFB8EC2A5537F800F75644 /* Resources */ = {
			isa = PBXResourcesBuildPhase;
			buildActionMask = 2147483647;
			files = (
				BACFB8F92A5537FA00F75644 /* Preview Assets.xcassets in Resources */,
				BAA4EE5B2A7D114800C01D8C /* Pacifico-Regular.ttf in Resources */,
				BACFB8F62A5537FA00F75644 /* Assets.xcassets in Resources */,
				BAA4EE592A7D0D7500C01D8C /* Pacifico.ttf in Resources */,
			);
			runOnlyForDeploymentPostprocessing = 0;
		};
/* End PBXResourcesBuildPhase section */

/* Begin PBXSourcesBuildPhase section */
		BA07DD6E2A5D6F4C00CBDBD0 /* Sources */ = {
			isa = PBXSourcesBuildPhase;
			buildActionMask = 2147483647;
			files = (
			);
			runOnlyForDeploymentPostprocessing = 0;
		};
		BA07DD8A2A5D88E700CBDBD0 /* Sources */ = {
			isa = PBXSourcesBuildPhase;
			buildActionMask = 2147483647;
			files = (
				BA07DDA42A5D8AC600CBDBD0 /* GameViewModel.swift in Sources */,
				BA07DD962A5D88E800CBDBD0 /* ContentView.swift in Sources */,
				BA07DDA62A5D8B4B00CBDBD0 /* Alerts.swift in Sources */,
				BA07DD942A5D88E800CBDBD0 /* watch_tictactoeApp.swift in Sources */,
			);
			runOnlyForDeploymentPostprocessing = 0;
		};
		BACFB8EA2A5537F800F75644 /* Sources */ = {
			isa = PBXSourcesBuildPhase;
			buildActionMask = 2147483647;
			files = (
				BAC889422A695F33009C92F0 /* MapBalloon.swift in Sources */,
				BACFB9022A557EAA00F75644 /* VideoListView.swift in Sources */,
				BA323CDA2A68EF7400026F86 /* MapView.swift in Sources */,
				BACFB9002A555E2100F75644 /* WeatherButton.swift in Sources */,
				BA51651B2A5E9FCF004A4BFA /* FormUI.swift in Sources */,
				BAC889402A695751009C92F0 /* ImagePickerView.swift in Sources */,
				BACFB8F42A5537F800F75644 /* ContentView.swift in Sources */,
				BACFB9082A5594BD00F75644 /* VideoDetailsView.swift in Sources */,
				BA323CDD2A691C6D00026F86 /* SegmentView.swift in Sources */,
				BACFB8F22A5537F800F75644 /* swiftUI_weatherApp.swift in Sources */,
				BA92D28A2A6E629900994606 /* SearchBarView.swift in Sources */,
				BAA4EE562A7D0CF200C01D8C /* AngelaPracticeUI.swift in Sources */,
				BA7B3B912A56956F0066CA91 /* Gaming.swift in Sources */,
				BA7B3B932A56EEE50066CA91 /* TicTacView.swift in Sources */,
				BA5C0A452A5B056500DB27F7 /* Alerts.swift in Sources */,
				BAC8893E2A693E92009C92F0 /* NavigationExampleView.swift in Sources */,
				BA92D2882A6E4E5700994606 /* OnBoardView.swift in Sources */,
				BA5C0A472A5B139500DB27F7 /* GameViewModel.swift in Sources */,
				BACFB9042A558E2600F75644 /* Video.swift in Sources */,
			);
			runOnlyForDeploymentPostprocessing = 0;
		};
/* End PBXSourcesBuildPhase section */

/* Begin PBXTargetDependency section */
		BA07DD752A5D6F4C00CBDBD0 /* PBXTargetDependency */ = {
			isa = PBXTargetDependency;
			target = BA07DD712A5D6F4C00CBDBD0 /* testWatchOs Watch App */;
			targetProxy = BA07DD742A5D6F4C00CBDBD0 /* PBXContainerItemProxy */;
		};
		BA07DD912A5D88E800CBDBD0 /* PBXTargetDependency */ = {
			isa = PBXTargetDependency;
			target = BA07DD8D2A5D88E700CBDBD0 /* watch-tictactoe Watch App */;
			targetProxy = BA07DD902A5D88E800CBDBD0 /* PBXContainerItemProxy */;
		};
/* End PBXTargetDependency section */

/* Begin XCBuildConfiguration section */
		BA07DD802A5D6F4E00CBDBD0 /* Debug */ = {
			isa = XCBuildConfiguration;
			buildSettings = {
				CODE_SIGN_STYLE = Automatic;
				CURRENT_PROJECT_VERSION = 1;
				DEVELOPMENT_TEAM = 2FT7VLBPP5;
				INFOPLIST_KEY_CFBundleDisplayName = testWatchOs;
				MARKETING_VERSION = 1.0;
				PRODUCT_BUNDLE_IDENTIFIER = com.foysal.testWatchOs;
				PRODUCT_NAME = "$(TARGET_NAME)";
				SWIFT_VERSION = 5.0;
			};
			name = Debug;
		};
		BA07DD812A5D6F4E00CBDBD0 /* Release */ = {
			isa = XCBuildConfiguration;
			buildSettings = {
				CODE_SIGN_STYLE = Automatic;
				CURRENT_PROJECT_VERSION = 1;
				DEVELOPMENT_TEAM = 2FT7VLBPP5;
				INFOPLIST_KEY_CFBundleDisplayName = testWatchOs;
				MARKETING_VERSION = 1.0;
				PRODUCT_BUNDLE_IDENTIFIER = com.foysal.testWatchOs;
				PRODUCT_NAME = "$(TARGET_NAME)";
				SWIFT_VERSION = 5.0;
			};
			name = Release;
		};
		BA07DD832A5D6F4E00CBDBD0 /* Debug */ = {
			isa = XCBuildConfiguration;
			buildSettings = {
				ASSETCATALOG_COMPILER_APPICON_NAME = AppIcon;
				ASSETCATALOG_COMPILER_GLOBAL_ACCENT_COLOR_NAME = AccentColor;
				CODE_SIGN_STYLE = Automatic;
				CURRENT_PROJECT_VERSION = 1;
				DEVELOPMENT_ASSET_PATHS = "\"testWatchOs Watch App/Preview Content\"";
				DEVELOPMENT_TEAM = 2FT7VLBPP5;
				ENABLE_PREVIEWS = YES;
				GENERATE_INFOPLIST_FILE = YES;
				INFOPLIST_KEY_CFBundleDisplayName = testWatchOs;
				INFOPLIST_KEY_UISupportedInterfaceOrientations = "UIInterfaceOrientationPortrait UIInterfaceOrientationPortraitUpsideDown";
				INFOPLIST_KEY_WKWatchOnly = YES;
				LD_RUNPATH_SEARCH_PATHS = (
					"$(inherited)",
					"@executable_path/Frameworks",
				);
				MARKETING_VERSION = 1.0;
				PRODUCT_BUNDLE_IDENTIFIER = com.foysal.testWatchOs.watchkitapp;
				PRODUCT_NAME = "$(TARGET_NAME)";
				SDKROOT = watchos;
				SKIP_INSTALL = YES;
				SWIFT_EMIT_LOC_STRINGS = YES;
				SWIFT_VERSION = 5.0;
				TARGETED_DEVICE_FAMILY = 4;
				WATCHOS_DEPLOYMENT_TARGET = 9.4;
			};
			name = Debug;
		};
		BA07DD842A5D6F4E00CBDBD0 /* Release */ = {
			isa = XCBuildConfiguration;
			buildSettings = {
				ASSETCATALOG_COMPILER_APPICON_NAME = AppIcon;
				ASSETCATALOG_COMPILER_GLOBAL_ACCENT_COLOR_NAME = AccentColor;
				CODE_SIGN_STYLE = Automatic;
				CURRENT_PROJECT_VERSION = 1;
				DEVELOPMENT_ASSET_PATHS = "\"testWatchOs Watch App/Preview Content\"";
				DEVELOPMENT_TEAM = 2FT7VLBPP5;
				ENABLE_PREVIEWS = YES;
				GENERATE_INFOPLIST_FILE = YES;
				INFOPLIST_KEY_CFBundleDisplayName = testWatchOs;
				INFOPLIST_KEY_UISupportedInterfaceOrientations = "UIInterfaceOrientationPortrait UIInterfaceOrientationPortraitUpsideDown";
				INFOPLIST_KEY_WKWatchOnly = YES;
				LD_RUNPATH_SEARCH_PATHS = (
					"$(inherited)",
					"@executable_path/Frameworks",
				);
				MARKETING_VERSION = 1.0;
				PRODUCT_BUNDLE_IDENTIFIER = com.foysal.testWatchOs.watchkitapp;
				PRODUCT_NAME = "$(TARGET_NAME)";
				SDKROOT = watchos;
				SKIP_INSTALL = YES;
				SWIFT_EMIT_LOC_STRINGS = YES;
				SWIFT_VERSION = 5.0;
				TARGETED_DEVICE_FAMILY = 4;
				WATCHOS_DEPLOYMENT_TARGET = 9.4;
			};
			name = Release;
		};
		BA07DD9C2A5D88E900CBDBD0 /* Debug */ = {
			isa = XCBuildConfiguration;
			buildSettings = {
				ALWAYS_EMBED_SWIFT_STANDARD_LIBRARIES = YES;
				CODE_SIGN_STYLE = Automatic;
				CURRENT_PROJECT_VERSION = 1;
				DEVELOPMENT_TEAM = 2FT7VLBPP5;
				INFOPLIST_KEY_CFBundleDisplayName = "watch-tictactoe";
				MARKETING_VERSION = 1.0;
				PRODUCT_BUNDLE_IDENTIFIER = "com.foysal.watch-tictactoe";
				PRODUCT_NAME = "$(TARGET_NAME)";
				SWIFT_VERSION = 5.0;
			};
			name = Debug;
		};
		BA07DD9D2A5D88E900CBDBD0 /* Release */ = {
			isa = XCBuildConfiguration;
			buildSettings = {
				ALWAYS_EMBED_SWIFT_STANDARD_LIBRARIES = YES;
				CODE_SIGN_STYLE = Automatic;
				CURRENT_PROJECT_VERSION = 1;
				DEVELOPMENT_TEAM = 2FT7VLBPP5;
				INFOPLIST_KEY_CFBundleDisplayName = "watch-tictactoe";
				MARKETING_VERSION = 1.0;
				PRODUCT_BUNDLE_IDENTIFIER = "com.foysal.watch-tictactoe";
				PRODUCT_NAME = "$(TARGET_NAME)";
				SWIFT_VERSION = 5.0;
			};
			name = Release;
		};
		BA07DD9F2A5D88E900CBDBD0 /* Debug */ = {
			isa = XCBuildConfiguration;
			buildSettings = {
				ASSETCATALOG_COMPILER_APPICON_NAME = AppIcon;
				ASSETCATALOG_COMPILER_GLOBAL_ACCENT_COLOR_NAME = AccentColor;
				CODE_SIGN_STYLE = Automatic;
				CURRENT_PROJECT_VERSION = 1;
				DEVELOPMENT_ASSET_PATHS = "\"watch-tictactoe Watch App/Preview Content\"";
				DEVELOPMENT_TEAM = 2FT7VLBPP5;
				ENABLE_PREVIEWS = YES;
				GENERATE_INFOPLIST_FILE = YES;
				INFOPLIST_KEY_CFBundleDisplayName = "watch-tictactoe";
				INFOPLIST_KEY_UISupportedInterfaceOrientations = "UIInterfaceOrientationPortrait UIInterfaceOrientationPortraitUpsideDown";
				INFOPLIST_KEY_WKWatchOnly = YES;
				LD_RUNPATH_SEARCH_PATHS = (
					"$(inherited)",
					"@executable_path/Frameworks",
				);
				MARKETING_VERSION = 1.0;
				PRODUCT_BUNDLE_IDENTIFIER = "com.foysal.watch-tictactoe.watchkitapp";
				PRODUCT_NAME = "$(TARGET_NAME)";
				SDKROOT = watchos;
				SKIP_INSTALL = YES;
				SWIFT_EMIT_LOC_STRINGS = YES;
				SWIFT_VERSION = 5.0;
				TARGETED_DEVICE_FAMILY = 4;
				WATCHOS_DEPLOYMENT_TARGET = 9.4;
			};
			name = Debug;
		};
		BA07DDA02A5D88E900CBDBD0 /* Release */ = {
			isa = XCBuildConfiguration;
			buildSettings = {
				ASSETCATALOG_COMPILER_APPICON_NAME = AppIcon;
				ASSETCATALOG_COMPILER_GLOBAL_ACCENT_COLOR_NAME = AccentColor;
				CODE_SIGN_STYLE = Automatic;
				CURRENT_PROJECT_VERSION = 1;
				DEVELOPMENT_ASSET_PATHS = "\"watch-tictactoe Watch App/Preview Content\"";
				DEVELOPMENT_TEAM = 2FT7VLBPP5;
				ENABLE_PREVIEWS = YES;
				GENERATE_INFOPLIST_FILE = YES;
				INFOPLIST_KEY_CFBundleDisplayName = "watch-tictactoe";
				INFOPLIST_KEY_UISupportedInterfaceOrientations = "UIInterfaceOrientationPortrait UIInterfaceOrientationPortraitUpsideDown";
				INFOPLIST_KEY_WKWatchOnly = YES;
				LD_RUNPATH_SEARCH_PATHS = (
					"$(inherited)",
					"@executable_path/Frameworks",
				);
				MARKETING_VERSION = 1.0;
				PRODUCT_BUNDLE_IDENTIFIER = "com.foysal.watch-tictactoe.watchkitapp";
				PRODUCT_NAME = "$(TARGET_NAME)";
				SDKROOT = watchos;
				SKIP_INSTALL = YES;
				SWIFT_EMIT_LOC_STRINGS = YES;
				SWIFT_VERSION = 5.0;
				TARGETED_DEVICE_FAMILY = 4;
				WATCHOS_DEPLOYMENT_TARGET = 9.4;
			};
			name = Release;
		};
		BACFB8FA2A5537FA00F75644 /* Debug */ = {
			isa = XCBuildConfiguration;
			buildSettings = {
				ALWAYS_SEARCH_USER_PATHS = NO;
				CLANG_ANALYZER_NONNULL = YES;
				CLANG_ANALYZER_NUMBER_OBJECT_CONVERSION = YES_AGGRESSIVE;
				CLANG_CXX_LANGUAGE_STANDARD = "gnu++20";
				CLANG_ENABLE_MODULES = YES;
				CLANG_ENABLE_OBJC_ARC = YES;
				CLANG_ENABLE_OBJC_WEAK = YES;
				CLANG_WARN_BLOCK_CAPTURE_AUTORELEASING = YES;
				CLANG_WARN_BOOL_CONVERSION = YES;
				CLANG_WARN_COMMA = YES;
				CLANG_WARN_CONSTANT_CONVERSION = YES;
				CLANG_WARN_DEPRECATED_OBJC_IMPLEMENTATIONS = YES;
				CLANG_WARN_DIRECT_OBJC_ISA_USAGE = YES_ERROR;
				CLANG_WARN_DOCUMENTATION_COMMENTS = YES;
				CLANG_WARN_EMPTY_BODY = YES;
				CLANG_WARN_ENUM_CONVERSION = YES;
				CLANG_WARN_INFINITE_RECURSION = YES;
				CLANG_WARN_INT_CONVERSION = YES;
				CLANG_WARN_NON_LITERAL_NULL_CONVERSION = YES;
				CLANG_WARN_OBJC_IMPLICIT_RETAIN_SELF = YES;
				CLANG_WARN_OBJC_LITERAL_CONVERSION = YES;
				CLANG_WARN_OBJC_ROOT_CLASS = YES_ERROR;
				CLANG_WARN_QUOTED_INCLUDE_IN_FRAMEWORK_HEADER = YES;
				CLANG_WARN_RANGE_LOOP_ANALYSIS = YES;
				CLANG_WARN_STRICT_PROTOTYPES = YES;
				CLANG_WARN_SUSPICIOUS_MOVE = YES;
				CLANG_WARN_UNGUARDED_AVAILABILITY = YES_AGGRESSIVE;
				CLANG_WARN_UNREACHABLE_CODE = YES;
				CLANG_WARN__DUPLICATE_METHOD_MATCH = YES;
				COPY_PHASE_STRIP = NO;
				DEBUG_INFORMATION_FORMAT = dwarf;
				ENABLE_STRICT_OBJC_MSGSEND = YES;
				ENABLE_TESTABILITY = YES;
				GCC_C_LANGUAGE_STANDARD = gnu11;
				GCC_DYNAMIC_NO_PIC = NO;
				GCC_NO_COMMON_BLOCKS = YES;
				GCC_OPTIMIZATION_LEVEL = 0;
				GCC_PREPROCESSOR_DEFINITIONS = (
					"DEBUG=1",
					"$(inherited)",
				);
				GCC_WARN_64_TO_32_BIT_CONVERSION = YES;
				GCC_WARN_ABOUT_RETURN_TYPE = YES_ERROR;
				GCC_WARN_UNDECLARED_SELECTOR = YES;
				GCC_WARN_UNINITIALIZED_AUTOS = YES_AGGRESSIVE;
				GCC_WARN_UNUSED_FUNCTION = YES;
				GCC_WARN_UNUSED_VARIABLE = YES;
				IPHONEOS_DEPLOYMENT_TARGET = 16.4;
				MTL_ENABLE_DEBUG_INFO = INCLUDE_SOURCE;
				MTL_FAST_MATH = YES;
				ONLY_ACTIVE_ARCH = YES;
				SDKROOT = iphoneos;
				SWIFT_ACTIVE_COMPILATION_CONDITIONS = DEBUG;
				SWIFT_OPTIMIZATION_LEVEL = "-Onone";
			};
			name = Debug;
		};
		BACFB8FB2A5537FA00F75644 /* Release */ = {
			isa = XCBuildConfiguration;
			buildSettings = {
				ALWAYS_SEARCH_USER_PATHS = NO;
				CLANG_ANALYZER_NONNULL = YES;
				CLANG_ANALYZER_NUMBER_OBJECT_CONVERSION = YES_AGGRESSIVE;
				CLANG_CXX_LANGUAGE_STANDARD = "gnu++20";
				CLANG_ENABLE_MODULES = YES;
				CLANG_ENABLE_OBJC_ARC = YES;
				CLANG_ENABLE_OBJC_WEAK = YES;
				CLANG_WARN_BLOCK_CAPTURE_AUTORELEASING = YES;
				CLANG_WARN_BOOL_CONVERSION = YES;
				CLANG_WARN_COMMA = YES;
				CLANG_WARN_CONSTANT_CONVERSION = YES;
				CLANG_WARN_DEPRECATED_OBJC_IMPLEMENTATIONS = YES;
				CLANG_WARN_DIRECT_OBJC_ISA_USAGE = YES_ERROR;
				CLANG_WARN_DOCUMENTATION_COMMENTS = YES;
				CLANG_WARN_EMPTY_BODY = YES;
				CLANG_WARN_ENUM_CONVERSION = YES;
				CLANG_WARN_INFINITE_RECURSION = YES;
				CLANG_WARN_INT_CONVERSION = YES;
				CLANG_WARN_NON_LITERAL_NULL_CONVERSION = YES;
				CLANG_WARN_OBJC_IMPLICIT_RETAIN_SELF = YES;
				CLANG_WARN_OBJC_LITERAL_CONVERSION = YES;
				CLANG_WARN_OBJC_ROOT_CLASS = YES_ERROR;
				CLANG_WARN_QUOTED_INCLUDE_IN_FRAMEWORK_HEADER = YES;
				CLANG_WARN_RANGE_LOOP_ANALYSIS = YES;
				CLANG_WARN_STRICT_PROTOTYPES = YES;
				CLANG_WARN_SUSPICIOUS_MOVE = YES;
				CLANG_WARN_UNGUARDED_AVAILABILITY = YES_AGGRESSIVE;
				CLANG_WARN_UNREACHABLE_CODE = YES;
				CLANG_WARN__DUPLICATE_METHOD_MATCH = YES;
				COPY_PHASE_STRIP = NO;
				DEBUG_INFORMATION_FORMAT = "dwarf-with-dsym";
				ENABLE_NS_ASSERTIONS = NO;
				ENABLE_STRICT_OBJC_MSGSEND = YES;
				GCC_C_LANGUAGE_STANDARD = gnu11;
				GCC_NO_COMMON_BLOCKS = YES;
				GCC_WARN_64_TO_32_BIT_CONVERSION = YES;
				GCC_WARN_ABOUT_RETURN_TYPE = YES_ERROR;
				GCC_WARN_UNDECLARED_SELECTOR = YES;
				GCC_WARN_UNINITIALIZED_AUTOS = YES_AGGRESSIVE;
				GCC_WARN_UNUSED_FUNCTION = YES;
				GCC_WARN_UNUSED_VARIABLE = YES;
				IPHONEOS_DEPLOYMENT_TARGET = 16.4;
				MTL_ENABLE_DEBUG_INFO = NO;
				MTL_FAST_MATH = YES;
				SDKROOT = iphoneos;
				SWIFT_COMPILATION_MODE = wholemodule;
				SWIFT_OPTIMIZATION_LEVEL = "-O";
				VALIDATE_PRODUCT = YES;
			};
			name = Release;
		};
		BACFB8FD2A5537FA00F75644 /* Debug */ = {
			isa = XCBuildConfiguration;
			buildSettings = {
				ASSETCATALOG_COMPILER_APPICON_NAME = AppIcon;
				ASSETCATALOG_COMPILER_GLOBAL_ACCENT_COLOR_NAME = AccentColor;
				CODE_SIGN_STYLE = Automatic;
				CURRENT_PROJECT_VERSION = 1;
				DEVELOPMENT_ASSET_PATHS = "\"swiftUI-weather/Preview Content\"";
				DEVELOPMENT_TEAM = 2FT7VLBPP5;
				ENABLE_PREVIEWS = YES;
				GENERATE_INFOPLIST_FILE = YES;
				INFOPLIST_FILE = "swiftUI-weather/Info.plist";
				INFOPLIST_KEY_NSLocationAlwaysUsageDescription = "This need app need your location to show on map";
				INFOPLIST_KEY_UIApplicationSceneManifest_Generation = YES;
				INFOPLIST_KEY_UIApplicationSupportsIndirectInputEvents = YES;
				INFOPLIST_KEY_UILaunchScreen_Generation = YES;
				INFOPLIST_KEY_UISupportedInterfaceOrientations_iPad = "UIInterfaceOrientationPortrait UIInterfaceOrientationPortraitUpsideDown UIInterfaceOrientationLandscapeLeft UIInterfaceOrientationLandscapeRight";
				INFOPLIST_KEY_UISupportedInterfaceOrientations_iPhone = "UIInterfaceOrientationPortrait UIInterfaceOrientationLandscapeLeft UIInterfaceOrientationLandscapeRight";
				LD_RUNPATH_SEARCH_PATHS = (
					"$(inherited)",
					"@executable_path/Frameworks",
				);
				MARKETING_VERSION = 1.0;
				PRODUCT_BUNDLE_IDENTIFIER = "kaz.com.foysal.swiftUI-weather";
				PRODUCT_NAME = "$(TARGET_NAME)";
				SWIFT_EMIT_LOC_STRINGS = YES;
				SWIFT_VERSION = 5.0;
				TARGETED_DEVICE_FAMILY = "1,2";
			};
			name = Debug;
		};
		BACFB8FE2A5537FA00F75644 /* Release */ = {
			isa = XCBuildConfiguration;
			buildSettings = {
				ASSETCATALOG_COMPILER_APPICON_NAME = AppIcon;
				ASSETCATALOG_COMPILER_GLOBAL_ACCENT_COLOR_NAME = AccentColor;
				CODE_SIGN_STYLE = Automatic;
				CURRENT_PROJECT_VERSION = 1;
				DEVELOPMENT_ASSET_PATHS = "\"swiftUI-weather/Preview Content\"";
				DEVELOPMENT_TEAM = 2FT7VLBPP5;
				ENABLE_PREVIEWS = YES;
				GENERATE_INFOPLIST_FILE = YES;
				INFOPLIST_FILE = "swiftUI-weather/Info.plist";
				INFOPLIST_KEY_NSLocationAlwaysUsageDescription = "This need app need your location to show on map";
				INFOPLIST_KEY_UIApplicationSceneManifest_Generation = YES;
				INFOPLIST_KEY_UIApplicationSupportsIndirectInputEvents = YES;
				INFOPLIST_KEY_UILaunchScreen_Generation = YES;
				INFOPLIST_KEY_UISupportedInterfaceOrientations_iPad = "UIInterfaceOrientationPortrait UIInterfaceOrientationPortraitUpsideDown UIInterfaceOrientationLandscapeLeft UIInterfaceOrientationLandscapeRight";
				INFOPLIST_KEY_UISupportedInterfaceOrientations_iPhone = "UIInterfaceOrientationPortrait UIInterfaceOrientationLandscapeLeft UIInterfaceOrientationLandscapeRight";
				LD_RUNPATH_SEARCH_PATHS = (
					"$(inherited)",
					"@executable_path/Frameworks",
				);
				MARKETING_VERSION = 1.0;
				PRODUCT_BUNDLE_IDENTIFIER = "kaz.com.foysal.swiftUI-weather";
				PRODUCT_NAME = "$(TARGET_NAME)";
				SWIFT_EMIT_LOC_STRINGS = YES;
				SWIFT_VERSION = 5.0;
				TARGETED_DEVICE_FAMILY = "1,2";
			};
			name = Release;
		};
/* End XCBuildConfiguration section */

/* Begin XCConfigurationList section */
		BA07DD852A5D6F4E00CBDBD0 /* Build configuration list for PBXNativeTarget "testWatchOs Watch App" */ = {
			isa = XCConfigurationList;
			buildConfigurations = (
				BA07DD832A5D6F4E00CBDBD0 /* Debug */,
				BA07DD842A5D6F4E00CBDBD0 /* Release */,
			);
			defaultConfigurationIsVisible = 0;
			defaultConfigurationName = Release;
		};
		BA07DD862A5D6F4E00CBDBD0 /* Build configuration list for PBXNativeTarget "testWatchOs" */ = {
			isa = XCConfigurationList;
			buildConfigurations = (
				BA07DD802A5D6F4E00CBDBD0 /* Debug */,
				BA07DD812A5D6F4E00CBDBD0 /* Release */,
			);
			defaultConfigurationIsVisible = 0;
			defaultConfigurationName = Release;
		};
		BA07DDA12A5D88E900CBDBD0 /* Build configuration list for PBXNativeTarget "watch-tictactoe Watch App" */ = {
			isa = XCConfigurationList;
			buildConfigurations = (
				BA07DD9F2A5D88E900CBDBD0 /* Debug */,
				BA07DDA02A5D88E900CBDBD0 /* Release */,
			);
			defaultConfigurationIsVisible = 0;
			defaultConfigurationName = Release;
		};
		BA07DDA22A5D88E900CBDBD0 /* Build configuration list for PBXNativeTarget "watch-tictactoe" */ = {
			isa = XCConfigurationList;
			buildConfigurations = (
				BA07DD9C2A5D88E900CBDBD0 /* Debug */,
				BA07DD9D2A5D88E900CBDBD0 /* Release */,
			);
			defaultConfigurationIsVisible = 0;
			defaultConfigurationName = Release;
		};
		BACFB8E92A5537F800F75644 /* Build configuration list for PBXProject "swiftUI-weather" */ = {
			isa = XCConfigurationList;
			buildConfigurations = (
				BACFB8FA2A5537FA00F75644 /* Debug */,
				BACFB8FB2A5537FA00F75644 /* Release */,
			);
			defaultConfigurationIsVisible = 0;
			defaultConfigurationName = Release;
		};
		BACFB8FC2A5537FA00F75644 /* Build configuration list for PBXNativeTarget "swiftUI-weather" */ = {
			isa = XCConfigurationList;
			buildConfigurations = (
				BACFB8FD2A5537FA00F75644 /* Debug */,
				BACFB8FE2A5537FA00F75644 /* Release */,
			);
			defaultConfigurationIsVisible = 0;
			defaultConfigurationName = Release;
		};
/* End XCConfigurationList section */
	};
	rootObject = BACFB8E62A5537F800F75644 /* Project object */;
}
